
Microsoft Visual Studio Solution File, Format Version 12.00
# Visual Studio Version 17
VisualStudioVersion = 17.14.35906.104 d17.14
MinimumVisualStudioVersion = 10.0.40219.1
Project("{FAE04EC0-301F-11D3-BF4B-00C04F79EFBC}") = "ExpenseTracker", "ExpenseTracker\ExpenseTracker.csproj", "{D37EC522-3177-4F3E-B37C-59787892B642}"
EndProject
Global
	GlobalSection(SolutionConfigurationPlatforms) = preSolution
		Debug|Any CPU = Debug|Any CPU
		Release|Any CPU = Release|Any CPU
	EndGlobalSection
	GlobalSection(ProjectConfigurationPlatforms) = postSolution
		{D37EC522-3177-4F3E-B37C-59787892B642}.Debug|Any CPU.ActiveCfg = Debug|Any CPU
		{D37EC522-3177-4F3E-B37C-59787892B642}.Debug|Any CPU.Build.0 = Debug|Any CPU
		{D37EC522-3177-4F3E-B37C-59787892B642}.Release|Any CPU.ActiveCfg = Release|Any CPU
		{D37EC522-3177-4F3E-B37C-59787892B642}.Release|Any CPU.Build.0 = Release|Any CPU
	EndGlobalSection
	GlobalSection(SolutionProperties) = preSolution
		HideSolutionNode = FALSE
	EndGlobalSection
	GlobalSection(ExtensibilityGlobals) = postSolution
		SolutionGuid = {980D1C75-A049-4B18-BE08-F16DC0A8FEE3}
	EndGlobalSection
EndGlobal
